
Microsoft Visual Studio Solution File, Format Version 12.00
# Visual Studio Version 17
VisualStudioVersion = 17.10.35122.118
MinimumVisualStudioVersion = 10.0.40219.1
Project("{8BC9CEB8-8B4A-11D0-8D11-00A0C91BC942}") = "[step33_ex14] WM_GETDLGCODE 메시지에 의한 키보드 메시지 처리", "[step33_ex14] WM_GETDLGCODE 메시지에 의한 키보드 메시지 처리\[step33_ex14] WM_GETDLGCODE 메시지에 의한 키보드 메시지 처리.vcxproj", "{75E1519A-C8E4-49AA-B048-FB419B7B124E}"
EndProject
Global
	GlobalSection(SolutionConfigurationPlatforms) = preSolution
		Debug|x64 = Debug|x64
		Debug|x86 = Debug|x86
		Release|x64 = Release|x64
		Release|x86 = Release|x86
	EndGlobalSection
	GlobalSection(ProjectConfigurationPlatforms) = postSolution
		{75E1519A-C8E4-49AA-B048-FB419B7B124E}.Debug|x64.ActiveCfg = Debug|x64
		{75E1519A-C8E4-49AA-B048-FB419B7B124E}.Debug|x64.Build.0 = Debug|x64
		{75E1519A-C8E4-49AA-B048-FB419B7B124E}.Debug|x86.ActiveCfg = Debug|Win32
		{75E1519A-C8E4-49AA-B048-FB419B7B124E}.Debug|x86.Build.0 = Debug|Win32
		{75E1519A-C8E4-49AA-B048-FB419B7B124E}.Release|x64.ActiveCfg = Release|x64
		{75E1519A-C8E4-49AA-B048-FB419B7B124E}.Release|x64.Build.0 = Release|x64
		{75E1519A-C8E4-49AA-B048-FB419B7B124E}.Release|x86.ActiveCfg = Release|Win32
		{75E1519A-C8E4-49AA-B048-FB419B7B124E}.Release|x86.Build.0 = Release|Win32
	EndGlobalSection
	GlobalSection(SolutionProperties) = preSolution
		HideSolutionNode = FALSE
	EndGlobalSection
	GlobalSection(ExtensibilityGlobals) = postSolution
		SolutionGuid = {26D1CDCF-6DC0-4420-9B99-4B0E7033CEFC}
	EndGlobalSection
EndGlobal
