
Microsoft Visual Studio Solution File, Format Version 12.00
# Visual Studio Version 17
VisualStudioVersion = 17.10.35122.118
MinimumVisualStudioVersion = 10.0.40219.1
Project("{8BC9CEB8-8B4A-11D0-8D11-00A0C91BC942}") = "[step33_ex11]푸시 버튼 오너 드로우 1", "[step33_ex11]푸시 버튼 오너 드로우 1\[step33_ex11]푸시 버튼 오너 드로우 1.vcxproj", "{5F0C390E-9E44-4FCB-948D-81F56EA434E4}"
EndProject
Global
	GlobalSection(SolutionConfigurationPlatforms) = preSolution
		Debug|x64 = Debug|x64
		Debug|x86 = Debug|x86
		Release|x64 = Release|x64
		Release|x86 = Release|x86
	EndGlobalSection
	GlobalSection(ProjectConfigurationPlatforms) = postSolution
		{5F0C390E-9E44-4FCB-948D-81F56EA434E4}.Debug|x64.ActiveCfg = Debug|x64
		{5F0C390E-9E44-4FCB-948D-81F56EA434E4}.Debug|x64.Build.0 = Debug|x64
		{5F0C390E-9E44-4FCB-948D-81F56EA434E4}.Debug|x86.ActiveCfg = Debug|Win32
		{5F0C390E-9E44-4FCB-948D-81F56EA434E4}.Debug|x86.Build.0 = Debug|Win32
		{5F0C390E-9E44-4FCB-948D-81F56EA434E4}.Release|x64.ActiveCfg = Release|x64
		{5F0C390E-9E44-4FCB-948D-81F56EA434E4}.Release|x64.Build.0 = Release|x64
		{5F0C390E-9E44-4FCB-948D-81F56EA434E4}.Release|x86.ActiveCfg = Release|Win32
		{5F0C390E-9E44-4FCB-948D-81F56EA434E4}.Release|x86.Build.0 = Release|Win32
	EndGlobalSection
	GlobalSection(SolutionProperties) = preSolution
		HideSolutionNode = FALSE
	EndGlobalSection
	GlobalSection(ExtensibilityGlobals) = postSolution
		SolutionGuid = {58FC7ACA-0817-480A-844A-4A7CF1FAB972}
	EndGlobalSection
EndGlobal
